
Microsoft Visual Studio Solution File, Format Version 12.00
# Visual Studio Version 17
VisualStudioVersion = 17.0.31903.59
MinimumVisualStudioVersion = 10.0.40219.1
Project("{FAE04EC0-301F-11D3-BF4B-00C04F79EFBC}") = "ProductManager", "ProductManager\ProductManager.csproj", "{482A51B7-AC81-4EED-A0C4-BC1FCE9E61CC}"
EndProject
Project("{FAE04EC0-301F-11D3-BF4B-00C04F79EFBC}") = "ProductManager.Tests", "ProductManager.Tests\ProductManager.Tests.csproj", "{E2A95B95-9E36-45FD-BE37-3C656CAF728A}"
EndProject
Global
	GlobalSection(SolutionConfigurationPlatforms) = preSolution
		Debug|Any CPU = Debug|Any CPU
		Release|Any CPU = Release|Any CPU
	EndGlobalSection
	GlobalSection(SolutionProperties) = preSolution
		HideSolutionNode = FALSE
	EndGlobalSection
	GlobalSection(ProjectConfigurationPlatforms) = postSolution
		{482A51B7-AC81-4EED-A0C4-BC1FCE9E61CC}.Debug|Any CPU.ActiveCfg = Debug|Any CPU
		{482A51B7-AC81-4EED-A0C4-BC1FCE9E61CC}.Debug|Any CPU.Build.0 = Debug|Any CPU
		{482A51B7-AC81-4EED-A0C4-BC1FCE9E61CC}.Release|Any CPU.ActiveCfg = Release|Any CPU
		{482A51B7-AC81-4EED-A0C4-BC1FCE9E61CC}.Release|Any CPU.Build.0 = Release|Any CPU
		{E2A95B95-9E36-45FD-BE37-3C656CAF728A}.Debug|Any CPU.ActiveCfg = Debug|Any CPU
		{E2A95B95-9E36-45FD-BE37-3C656CAF728A}.Debug|Any CPU.Build.0 = Debug|Any CPU
		{E2A95B95-9E36-45FD-BE37-3C656CAF728A}.Release|Any CPU.ActiveCfg = Release|Any CPU
		{E2A95B95-9E36-45FD-BE37-3C656CAF728A}.Release|Any CPU.Build.0 = Release|Any CPU
	EndGlobalSection
EndGlobal
